
Microsoft Visual Studio Solution File, Format Version 12.00
# Visual Studio Version 17
VisualStudioVersion = 17.14.36202.13 d17.14
MinimumVisualStudioVersion = 10.0.40219.1
Project("{FAE04EC0-301F-11D3-BF4B-00C04F79EFBC}") = "BlazorExamples2", "BlazorExamples2\BlazorExamples2\BlazorExamples2.csproj", "{A7CACF2A-72CE-4E70-ABE2-4DFEBFF4F428}"
EndProject
Project("{FAE04EC0-301F-11D3-BF4B-00C04F79EFBC}") = "BlazorExamples2.Client", "BlazorExamples2\BlazorExamples2.Client\BlazorExamples2.Client.csproj", "{2A5F818D-AE01-4A3F-AF6C-E5AC0CDD8325}"
EndProject
Global
	GlobalSection(SolutionConfigurationPlatforms) = preSolution
		Debug|Any CPU = Debug|Any CPU
		Release|Any CPU = Release|Any CPU
	EndGlobalSection
	GlobalSection(ProjectConfigurationPlatforms) = postSolution
		{A7CACF2A-72CE-4E70-ABE2-4DFEBFF4F428}.Debug|Any CPU.ActiveCfg = Debug|Any CPU
		{A7CACF2A-72CE-4E70-ABE2-4DFEBFF4F428}.Debug|Any CPU.Build.0 = Debug|Any CPU
		{A7CACF2A-72CE-4E70-ABE2-4DFEBFF4F428}.Release|Any CPU.ActiveCfg = Release|Any CPU
		{A7CACF2A-72CE-4E70-ABE2-4DFEBFF4F428}.Release|Any CPU.Build.0 = Release|Any CPU
		{2A5F818D-AE01-4A3F-AF6C-E5AC0CDD8325}.Debug|Any CPU.ActiveCfg = Debug|Any CPU
		{2A5F818D-AE01-4A3F-AF6C-E5AC0CDD8325}.Debug|Any CPU.Build.0 = Debug|Any CPU
		{2A5F818D-AE01-4A3F-AF6C-E5AC0CDD8325}.Release|Any CPU.ActiveCfg = Release|Any CPU
		{2A5F818D-AE01-4A3F-AF6C-E5AC0CDD8325}.Release|Any CPU.Build.0 = Release|Any CPU
	EndGlobalSection
	GlobalSection(SolutionProperties) = preSolution
		HideSolutionNode = FALSE
	EndGlobalSection
	GlobalSection(ExtensibilityGlobals) = postSolution
		SolutionGuid = {0B513967-919E-403C-BCA1-DC6AE84F8E12}
	EndGlobalSection
EndGlobal
